
Microsoft Visual Studio Solution File, Format Version 12.00
# Visual Studio Version 17
VisualStudioVersion = 17.14.37531.7
MinimumVisualStudioVersion = 10.0.40219.1
Project("{FAE04EC0-301F-11D3-BF4B-00C04F79EFBC}") = "TCP_Sever", "TCP_Sever\TCP_Sever.csproj", "{FDB855EE-863E-499A-8663-AB2CEA45D5FA}"
EndProject
Project("{FAE04EC0-301F-11D3-BF4B-00C04F79EFBC}") = "TCP_Client", "TCP_Client\TCP_Client.csproj", "{616789D0-561F-4599-AD83-F864AF8C3409}"
EndProject
Global
	GlobalSection(SolutionConfigurationPlatforms) = preSolution
		Debug|Any CPU = Debug|Any CPU
		Release|Any CPU = Release|Any CPU
	EndGlobalSection
	GlobalSection(ProjectConfigurationPlatforms) = postSolution
		{FDB855EE-863E-499A-8663-AB2CEA45D5FA}.Debug|Any CPU.ActiveCfg = Debug|Any CPU
		{FDB855EE-863E-499A-8663-AB2CEA45D5FA}.Debug|Any CPU.Build.0 = Debug|Any CPU
		{FDB855EE-863E-499A-8663-AB2CEA45D5FA}.Release|Any CPU.ActiveCfg = Release|Any CPU
		{FDB855EE-863E-499A-8663-AB2CEA45D5FA}.Release|Any CPU.Build.0 = Release|Any CPU
		{616789D0-561F-4599-AD83-F864AF8C3409}.Debug|Any CPU.ActiveCfg = Debug|Any CPU
		{616789D0-561F-4599-AD83-F864AF8C3409}.Debug|Any CPU.Build.0 = Debug|Any CPU
		{616789D0-561F-4599-AD83-F864AF8C3409}.Release|Any CPU.ActiveCfg = Release|Any CPU
		{616789D0-561F-4599-AD83-F864AF8C3409}.Release|Any CPU.Build.0 = Release|Any CPU
	EndGlobalSection
	GlobalSection(SolutionProperties) = preSolution
		HideSolutionNode = FALSE
	EndGlobalSection
	GlobalSection(ExtensibilityGlobals) = postSolution
		SolutionGuid = {BA53BF12-39B0-490B-9B54-8E6E6E48A0FE}
	EndGlobalSection
EndGlobal
